Terraform plan output:

Terraform will perform the following actions:

  # module.vpc.aws_cloudwatch_log_group.flow_logs[0] will be created
  + resource "aws_cloudwatch_log_group" "flow_logs" {
      + arn               = (known after apply)
      + id                = (known after apply)
      + log_group_class   = (known after apply)
      + name              = "/aws/vpc/prod-data-platform"
      + name_prefix       = (known after apply)
      + retention_in_days = 30
      + skip_destroy      = false
      + tags              = {
          + "CostCenter" = "Engineering"
          + "Owner"      = "Gabriel"
          + "Team"       = "Data"
        }
      + tags_all          = {
          + "CostCenter"  = "Engineering"
          + "Environment" = "prod"
          + "ManagedBy"   = "Terraform"
          + "Owner"       = "Gabriel"
          + "Project"     = "data-platform"
          + "Team"        = "Data"
        }
    }

  # module.vpc.aws_eip.nat[0] will be created
  + resource "aws_eip" "nat" {
      + allocation_id        = (known after apply)
      + arn                  = (known after apply)
      + association_id       = (known after apply)
      + carrier_ip           = (known after apply)
      + customer_owned_ip    = (known after apply)
      + domain               = "vpc"
      + id                   = (known after apply)
      + instance             = (known after apply)
      + ipam_pool_id         = (known after apply)
      + network_border_group = (known after apply)
      + network_interface    = (known after apply)
      + private_dns          = (known after apply)
      + private_ip           = (known after apply)
      + ptr_record           = (known after apply)
      + public_dns           = (known after apply)
      + public_ip            = (known after apply)
      + public_ipv4_pool     = (known after apply)
      + tags                 = {
          + "CostCenter" = "Engineering"
          + "Name"       = "prod-data-platform-eip-us-east-1a"
          + "Owner"      = "Gabriel"
          + "Team"       = "Data"
        }
      + tags_all             = {
          + "CostCenter"  = "Engineering"
          + "Environment" = "prod"
          + "ManagedBy"   = "Terraform"
          + "Name"        = "prod-data-platform-eip-us-east-1a"
          + "Owner"       = "Gabriel"
          + "Project"     = "data-platform"
          + "Team"        = "Data"
        }
      + vpc                  = (known after apply)
    }

  # module.vpc.aws_eip.nat[1] will be created
  + resource "aws_eip" "nat" {
      + allocation_id        = (known after apply)
      + arn                  = (known after apply)
      + association_id       = (known after apply)
      + carrier_ip           = (known after apply)
      + customer_owned_ip    = (known after apply)
      + domain               = "vpc"
      + id                   = (known after apply)
      + instance             = (known after apply)
      + ipam_pool_id         = (known after apply)
      + network_border_group = (known after apply)
      + network_interface    = (known after apply)
      + private_dns          = (known after apply)
      + private_ip           = (known after apply)
      + ptr_record           = (known after apply)
      + public_dns           = (known after apply)
      + public_ip            = (known after apply)
      + public_ipv4_pool     = (known after apply)
      + tags                 = {
          + "CostCenter" = "Engineering"
          + "Name"       = "prod-data-platform-eip-us-east-1b"
          + "Owner"      = "Gabriel"
          + "Team"       = "Data"
        }
      + tags_all             = {
          + "CostCenter"  = "Engineering"
          + "Environment" = "prod"
          + "ManagedBy"   = "Terraform"
          + "Name"        = "prod-data-platform-eip-us-east-1b"
          + "Owner"       = "Gabriel"
          + "Project"     = "data-platform"
          + "Team"        = "Data"
        }
      + vpc                  = (known after apply)
    }

  # module.vpc.aws_flow_log.main[0] will be created
  + resource "aws_flow_log" "main" {
      + arn                      = (known after apply)
      + iam_role_arn             = (known after apply)
      + id                       = (known after apply)
      + log_destination          = (known after apply)
      + log_destination_type     = "cloud-watch-logs"
      + log_format               = (known after apply)
      + log_group_name           = (known after apply)
      + max_aggregation_interval = 600
      + tags                     = {
          + "CostCenter" = "Engineering"
          + "Name"       = "prod-data-platform-flow-logs"
          + "Owner"      = "Gabriel"
          + "Team"       = "Data"
        }
      + tags_all                 = {
          + "CostCenter"  = "Engineering"
          + "Environment" = "prod"
          + "ManagedBy"   = "Terraform"
          + "Name"        = "prod-data-platform-flow-logs"
          + "Owner"       = "Gabriel"
          + "Project"     = "data-platform"
          + "Team"        = "Data"
        }
      + traffic_type             = "ALL"
      + vpc_id                   = (known after apply)
    }

  # module.vpc.aws_iam_role.flow_logs[0] will be created
  + resource "aws_iam_role" "flow_logs" {
      + arn                   = (known after apply)
      + assume_role_policy    = jsonencode(
            {
              + Statement = [
                  + {
                      + Action    = "sts:AssumeRole"
                      + Effect    = "Allow"
                      + Principal = {
                          + Service = "vpc-flow-logs.amazonaws.com"
                        }
                    },
                ]
              + Version   = "2012-10-17"
            }
        )
      + create_date           = (known after apply)
      + force_detach_policies = false
      + id                    = (known after apply)
      + managed_policy_arns   = (known after apply)
      + max_session_duration  = 3600
      + name                  = "prod-data-platform-flow-logs-role"
      + name_prefix           = (known after apply)
      + path                  = "/"
      + tags                  = {
          + "CostCenter" = "Engineering"
          + "Owner"      = "Gabriel"
          + "Team"       = "Data"
        }
      + tags_all              = {
          + "CostCenter"  = "Engineering"
          + "Environment" = "prod"
          + "ManagedBy"   = "Terraform"
          + "Owner"       = "Gabriel"
          + "Project"     = "data-platform"
          + "Team"        = "Data"
        }
      + unique_id             = (known after apply)

      + inline_policy (known after apply)
    }

  # module.vpc.aws_iam_role_policy.flow_logs[0] will be created
  + resource "aws_iam_role_policy" "flow_logs" {
      + id          = (known after apply)
      + name        = "prod-data-platform-flow-logs-policy"
      + name_prefix = (known after apply)
      + policy      = jsonencode(
            {
              + Statement = [
                  + {
                      + Action   = [
                          + "logs:CreateLogGroup",
                          + "logs:CreateLogStream",
                          + "logs:PutLogEvents",
                          + "logs:DescribeLogGroups",
                          + "logs:DescribeLogStreams",
                        ]
                      + Effect   = "Allow"
                      + Resource = "*"
                    },
                ]
              + Version   = "2012-10-17"
            }
        )
      + role        = (known after apply)
    }

  # module.vpc.aws_internet_gateway.main will be created
  + resource "aws_internet_gateway" "main" {
      + arn      = (known after apply)
      + id       = (known after apply)
      + owner_id = (known after apply)
      + tags     = {
          + "CostCenter" = "Engineering"
          + "Name"       = "prod-data-platform-igw"
          + "Owner"      = "Gabriel"
          + "Team"       = "Data"
        }
      + tags_all = {
          + "CostCenter"  = "Engineering"
          + "Environment" = "prod"
          + "ManagedBy"   = "Terraform"
          + "Name"        = "prod-data-platform-igw"
          + "Owner"       = "Gabriel"
          + "Project"     = "data-platform"
          + "Team"        = "Data"
        }
      + vpc_id   = (known after apply)
    }

  # module.vpc.aws_nat_gateway.main[0] will be created
  + resource "aws_nat_gateway" "main" {
      + allocation_id                      = (known after apply)
      + association_id                     = (known after apply)
      + connectivity_type                  = "public"
      + id                                 = (known after apply)
      + network_interface_id               = (known after apply)
      + private_ip                         = (known after apply)
      + public_ip                          = (known after apply)
      + secondary_private_ip_address_count = (known after apply)
      + secondary_private_ip_addresses     = (known after apply)
      + subnet_id                          = (known after apply)
      + tags                               = {
          + "CostCenter" = "Engineering"
          + "Name"       = "prod-data-platform-nat-us-east-1a"
          + "Owner"      = "Gabriel"
          + "Team"       = "Data"
        }
      + tags_all                           = {
          + "CostCenter"  = "Engineering"
          + "Environment" = "prod"
          + "ManagedBy"   = "Terraform"
          + "Name"        = "prod-data-platform-nat-us-east-1a"
          + "Owner"       = "Gabriel"
          + "Project"     = "data-platform"
          + "Team"        = "Data"
        }
    }

  # module.vpc.aws_nat_gateway.main[1] will be created
  + resource "aws_nat_gateway" "main" {
      + allocation_id                      = (known after apply)
      + association_id                     = (known after apply)
      + connectivity_type                  = "public"
      + id                                 = (known after apply)
      + network_interface_id               = (known after apply)
      + private_ip                         = (known after apply)
      + public_ip                          = (known after apply)
      + secondary_private_ip_address_count = (known after apply)
      + secondary_private_ip_addresses     = (known after apply)
      + subnet_id                          = (known after apply)
      + tags                               = {
          + "CostCenter" = "Engineering"
          + "Name"       = "prod-data-platform-nat-us-east-1b"
          + "Owner"      = "Gabriel"
          + "Team"       = "Data"
        }
      + tags_all                           = {
          + "CostCenter"  = "Engineering"
          + "Environment" = "prod"
          + "ManagedBy"   = "Terraform"
          + "Name"        = "prod-data-platform-nat-us-east-1b"
          + "Owner"       = "Gabriel"
          + "Project"     = "data-platform"
          + "Team"        = "Data"
        }
    }

  # module.vpc.aws_route.private_nat[0] will be created
  + resource "aws_route" "private_nat" {
      + destination_cidr_block = "0.0.0.0/0"
      + id                     = (known after apply)
      + instance_id            = (known after apply)
      + instance_owner_id      = (known after apply)
      + nat_gateway_id         = (known after apply)
      + network_interface_id   = (known after apply)
      + origin                 = (known after apply)
      + route_table_id         = (known after apply)
      + state                  = (known after apply)
    }

  # module.vpc.aws_route.private_nat[1] will be created
  + resource "aws_route" "private_nat" {
      + destination_cidr_block = "0.0.0.0/0"
      + id                     = (known after apply)
      + instance_id            = (known after apply)
      + instance_owner_id      = (known after apply)
      + nat_gateway_id         = (known after apply)
      + network_interface_id   = (known after apply)
      + origin                 = (known after apply)
      + route_table_id         = (known after apply)
      + state                  = (known after apply)
    }

  # module.vpc.aws_route.public_internet will be created
  + resource "aws_route" "public_internet" {
      + destination_cidr_block = "0.0.0.0/0"
      + gateway_id             = (known after apply)
      + id                     = (known after apply)
      + instance_id            = (known after apply)
      + instance_owner_id      = (known after apply)
      + network_interface_id   = (known after apply)
      + origin                 = (known after apply)
      + route_table_id         = (known after apply)
      + state                  = (known after apply)
    }

  # module.vpc.aws_route_table.private[0] will be created
  + resource "aws_route_table" "private" {
      + arn              = (known after apply)
      + id               = (known after apply)
      + owner_id         = (known after apply)
      + propagating_vgws = (known after apply)
      + route            = (known after apply)
      + tags             = {
          + "CostCenter" = "Engineering"
          + "Name"       = "prod-data-platform-private-rt-us-east-1a"
          + "Owner"      = "Gabriel"
          + "Team"       = "Data"
        }
      + tags_all         = {
          + "CostCenter"  = "Engineering"
          + "Environment" = "prod"
          + "ManagedBy"   = "Terraform"
          + "Name"        = "prod-data-platform-private-rt-us-east-1a"
          + "Owner"       = "Gabriel"
          + "Project"     = "data-platform"
          + "Team"        = "Data"
        }
      + vpc_id           = (known after apply)
    }

  # module.vpc.aws_route_table.private[1] will be created
  + resource "aws_route_table" "private" {
      + arn              = (known after apply)
      + id               = (known after apply)
      + owner_id         = (known after apply)
      + propagating_vgws = (known after apply)
      + route            = (known after apply)
      + tags             = {
          + "CostCenter" = "Engineering"
          + "Name"       = "prod-data-platform-private-rt-us-east-1b"
          + "Owner"      = "Gabriel"
          + "Team"       = "Data"
        }
      + tags_all         = {
          + "CostCenter"  = "Engineering"
          + "Environment" = "prod"
          + "ManagedBy"   = "Terraform"
          + "Name"        = "prod-data-platform-private-rt-us-east-1b"
          + "Owner"       = "Gabriel"
          + "Project"     = "data-platform"
          + "Team"        = "Data"
        }
      + vpc_id           = (known after apply)
    }

  # module.vpc.aws_route_table.public will be created
  + resource "aws_route_table" "public" {
      + arn              = (known after apply)
      + id               = (known after apply)
      + owner_id         = (known after apply)
      + propagating_vgws = (known after apply)
      + route            = (known after apply)
      + tags             = {
          + "CostCenter" = "Engineering"
          + "Name"       = "prod-data-platform-public-rt"
          + "Owner"      = "Gabriel"
          + "Team"       = "Data"
        }
      + tags_all         = {
          + "CostCenter"  = "Engineering"
          + "Environment" = "prod"
          + "ManagedBy"   = "Terraform"
          + "Name"        = "prod-data-platform-public-rt"
          + "Owner"       = "Gabriel"
          + "Project"     = "data-platform"
          + "Team"        = "Data"
        }
      + vpc_id           = (known after apply)
    }

  # module.vpc.aws_route_table_association.private[0] will be created
  + resource "aws_route_table_association" "private" {
      + id             = (known after apply)
      + route_table_id = (known after apply)
      + subnet_id      = (known after apply)
    }

  # module.vpc.aws_route_table_association.private[1] will be created
  + resource "aws_route_table_association" "private" {
      + id             = (known after apply)
      + route_table_id = (known after apply)
      + subnet_id      = (known after apply)
    }

  # module.vpc.aws_route_table_association.public[0] will be created
  + resource "aws_route_table_association" "public" {
      + id             = (known after apply)
      + route_table_id = (known after apply)
      + subnet_id      = (known after apply)
    }

  # module.vpc.aws_route_table_association.public[1] will be created
  + resource "aws_route_table_association" "public" {
      + id             = (known after apply)
      + route_table_id = (known after apply)
      + subnet_id      = (known after apply)
    }

  # module.vpc.aws_subnet.private[0] will be created
  + resource "aws_subnet" "private" {
      + arn                                            = (known after apply)
      + assign_ipv6_address_on_creation                = false
      + availability_zone                              = "us-east-1a"
      + availability_zone_id                           = (known after apply)
      + cidr_block                                     = "10.2.11.0/24"
      + enable_dns64                                   = false
      + enable_resource_name_dns_a_record_on_launch    = false
      + enable_resource_name_dns_aaaa_record_on_launch = false
      + id                                             = (known after apply)
      + ipv6_cidr_block_association_id                 = (known after apply)
      + ipv6_native                                    = false
      + map_public_ip_on_launch                        = false
      + owner_id                                       = (known after apply)
      + private_dns_hostname_type_on_launch            = (known after apply)
      + tags                                           = {
          + "CostCenter" = "Engineering"
          + "Name"       = "prod-data-platform-private-us-east-1a"
          + "Owner"      = "Gabriel"
          + "Team"       = "Data"
          + "Tier"       = "Private"
        }
      + tags_all                                       = {
          + "CostCenter"  = "Engineering"
          + "Environment" = "prod"
          + "ManagedBy"   = "Terraform"
          + "Name"        = "prod-data-platform-private-us-east-1a"
          + "Owner"       = "Gabriel"
          + "Project"     = "data-platform"
          + "Team"        = "Data"
          + "Tier"        = "Private"
        }
      + vpc_id                                         = (known after apply)
    }

  # module.vpc.aws_subnet.private[1] will be created
  + resource "aws_subnet" "private" {
      + arn                                            = (known after apply)
      + assign_ipv6_address_on_creation                = false
      + availability_zone                              = "us-east-1b"
      + availability_zone_id                           = (known after apply)
      + cidr_block                                     = "10.2.12.0/24"
      + enable_dns64                                   = false
      + enable_resource_name_dns_a_record_on_launch    = false
      + enable_resource_name_dns_aaaa_record_on_launch = false
      + id                                             = (known after apply)
      + ipv6_cidr_block_association_id                 = (known after apply)
      + ipv6_native                                    = false
      + map_public_ip_on_launch                        = false
      + owner_id                                       = (known after apply)
      + private_dns_hostname_type_on_launch            = (known after apply)
      + tags                                           = {
          + "CostCenter" = "Engineering"
          + "Name"       = "prod-data-platform-private-us-east-1b"
          + "Owner"      = "Gabriel"
          + "Team"       = "Data"
          + "Tier"       = "Private"
        }
      + tags_all                                       = {
          + "CostCenter"  = "Engineering"
          + "Environment" = "prod"
          + "ManagedBy"   = "Terraform"
          + "Name"        = "prod-data-platform-private-us-east-1b"
          + "Owner"       = "Gabriel"
          + "Project"     = "data-platform"
          + "Team"        = "Data"
          + "Tier"        = "Private"
        }
      + vpc_id                                         = (known after apply)
    }

  # module.vpc.aws_subnet.public[0] will be created
  + resource "aws_subnet" "public" {
      + arn                                            = (known after apply)
      + assign_ipv6_address_on_creation                = false
      + availability_zone                              = "us-east-1a"
      + availability_zone_id                           = (known after apply)
      + cidr_block                                     = "10.2.1.0/24"
      + enable_dns64                                   = false
      + enable_resource_name_dns_a_record_on_launch    = false
      + enable_resource_name_dns_aaaa_record_on_launch = false
      + id                                             = (known after apply)
      + ipv6_cidr_block_association_id                 = (known after apply)
      + ipv6_native                                    = false
      + map_public_ip_on_launch                        = true
      + owner_id                                       = (known after apply)
      + private_dns_hostname_type_on_launch            = (known after apply)
      + tags                                           = {
          + "CostCenter" = "Engineering"
          + "Name"       = "prod-data-platform-public-us-east-1a"
          + "Owner"      = "Gabriel"
          + "Team"       = "Data"
          + "Tier"       = "Public"
        }
      + tags_all                                       = {
          + "CostCenter"  = "Engineering"
          + "Environment" = "prod"
          + "ManagedBy"   = "Terraform"
          + "Name"        = "prod-data-platform-public-us-east-1a"
          + "Owner"       = "Gabriel"
          + "Project"     = "data-platform"
          + "Team"        = "Data"
          + "Tier"        = "Public"
        }
      + vpc_id                                         = (known after apply)
    }

  # module.vpc.aws_subnet.public[1] will be created
  + resource "aws_subnet" "public" {
      + arn                                            = (known after apply)
      + assign_ipv6_address_on_creation                = false
      + availability_zone                              = "us-east-1b"
      + availability_zone_id                           = (known after apply)
      + cidr_block                                     = "10.2.2.0/24"
      + enable_dns64                                   = false
      + enable_resource_name_dns_a_record_on_launch    = false
      + enable_resource_name_dns_aaaa_record_on_launch = false
      + id                                             = (known after apply)
      + ipv6_cidr_block_association_id                 = (known after apply)
      + ipv6_native                                    = false
      + map_public_ip_on_launch                        = true
      + owner_id                                       = (known after apply)
      + private_dns_hostname_type_on_launch            = (known after apply)
      + tags                                           = {
          + "CostCenter" = "Engineering"
          + "Name"       = "prod-data-platform-public-us-east-1b"
          + "Owner"      = "Gabriel"
          + "Team"       = "Data"
          + "Tier"       = "Public"
        }
      + tags_all                                       = {
          + "CostCenter"  = "Engineering"
          + "Environment" = "prod"
          + "ManagedBy"   = "Terraform"
          + "Name"        = "prod-data-platform-public-us-east-1b"
          + "Owner"       = "Gabriel"
          + "Project"     = "data-platform"
          + "Team"        = "Data"
          + "Tier"        = "Public"
        }
      + vpc_id                                         = (known after apply)
    }

  # module.vpc.aws_vpc.main will be created
  + resource "aws_vpc" "main" {
      + arn                                  = (known after apply)
      + cidr_block                           = "10.2.0.0/16"
      + default_network_acl_id               = (known after apply)
      + default_route_table_id               = (known after apply)
      + default_security_group_id            = (known after apply)
      + dhcp_options_id                      = (known after apply)
      + enable_dns_hostnames                 = true
      + enable_dns_support                   = true
      + enable_network_address_usage_metrics = (known after apply)
      + id                                   = (known after apply)
      + instance_tenancy                     = "default"
      + ipv6_association_id                  = (known after apply)
      + ipv6_cidr_block                      = (known after apply)
      + ipv6_cidr_block_network_border_group = (known after apply)
      + main_route_table_id                  = (known after apply)
      + owner_id                             = (known after apply)
      + tags                                 = {
          + "CostCenter" = "Engineering"
          + "Name"       = "prod-data-platform-vpc"
          + "Owner"      = "Gabriel"
          + "Team"       = "Data"
        }
      + tags_all                             = {
          + "CostCenter"  = "Engineering"
          + "Environment" = "prod"
          + "ManagedBy"   = "Terraform"
          + "Name"        = "prod-data-platform-vpc"
          + "Owner"       = "Gabriel"
          + "Project"     = "data-platform"
          + "Team"        = "Data"
        }
    }

Plan: 24 to add, 0 to change, 0 to destroy.

Changes to Outputs:
  + private_subnet_ids = [
      + (known after apply),
      + (known after apply),
    ]
  + public_subnet_ids  = [
      + (known after apply),
      + (known after apply),
    ]
  + vpc_id             = (known after apply)